// !$*UTF8*$!
{
	archiveVersion = 1;
	classes = {
	};
	objectVersion = 55;
	objects = {

/* Begin PBXBuildFile section */
		7C0C4A6E28B7CF2900BFD22D /* LoadingView.swift in Sources */ = {isa = PBXBuildFile; fileRef = 7C0C4A6D28B7CF2900BFD22D /* LoadingView.swift */; };
		7C0C4A7128B7CF6200BFD22D /* ViewExtension.swift in Sources */ = {isa = PBXBuildFile; fileRef = 7C0C4A7028B7CF6200BFD22D /* ViewExtension.swift */; };
		7C0C4A7328B7CFB500BFD22D /* ErrorAlerts.swift in Sources */ = {isa = PBXBuildFile; fileRef = 7C0C4A7228B7CFB500BFD22D /* ErrorAlerts.swift */; };
		7C0C4A7828B7D09600BFD22D /* WorkshopButton.swift in Sources */ = {isa = PBXBuildFile; fileRef = 7C0C4A7728B7D09600BFD22D /* WorkshopButton.swift */; };
		7C0C4A7B28B7D0EE00BFD22D /* CustomLoginTextField.swift in Sources */ = {isa = PBXBuildFile; fileRef = 7C0C4A7A28B7D0EE00BFD22D /* CustomLoginTextField.swift */; };
		7C0C4A7D28B7D11800BFD22D /* CustomLoginSecureField.swift in Sources */ = {isa = PBXBuildFile; fileRef = 7C0C4A7C28B7D11800BFD22D /* CustomLoginSecureField.swift */; };
		7C0C4A7F28B7D18900BFD22D /* RegistrationView.swift in Sources */ = {isa = PBXBuildFile; fileRef = 7C0C4A7E28B7D18900BFD22D /* RegistrationView.swift */; };
		7C0C4A8128B7D19300BFD22D /* ResetPasswordView.swift in Sources */ = {isa = PBXBuildFile; fileRef = 7C0C4A8028B7D19300BFD22D /* ResetPasswordView.swift */; };
		7C0C4A8C28B7DACE00BFD22D /* GoogleService-Info.plist in Resources */ = {isa = PBXBuildFile; fileRef = 7C0C4A8B28B7DACE00BFD22D /* GoogleService-Info.plist */; };
		7C0C4A8F28B7E12600BFD22D /* FirebaseAuth in Frameworks */ = {isa = PBXBuildFile; productRef = 7C0C4A8E28B7E12600BFD22D /* FirebaseAuth */; };
		7C0C4A9128B7E12600BFD22D /* FirebaseFirestore in Frameworks */ = {isa = PBXBuildFile; productRef = 7C0C4A9028B7E12600BFD22D /* FirebaseFirestore */; };
		7C0C4A9328B7E12600BFD22D /* FirebaseFirestoreSwift in Frameworks */ = {isa = PBXBuildFile; productRef = 7C0C4A9228B7E12600BFD22D /* FirebaseFirestoreSwift */; };
		7C0C4A9528B7E12600BFD22D /* FirebaseStorage in Frameworks */ = {isa = PBXBuildFile; productRef = 7C0C4A9428B7E12600BFD22D /* FirebaseStorage */; };
		7C0C4A9728B7F7FF00BFD22D /* ProfileView.swift in Sources */ = {isa = PBXBuildFile; fileRef = 7C0C4A9628B7F7FF00BFD22D /* ProfileView.swift */; };
		7C0C4A9928B7F99B00BFD22D /* UserListView.swift in Sources */ = {isa = PBXBuildFile; fileRef = 7C0C4A9828B7F99B00BFD22D /* UserListView.swift */; };
		7C0C4A9B28B7FA2800BFD22D /* UserDataService.swift in Sources */ = {isa = PBXBuildFile; fileRef = 7C0C4A9A28B7FA2800BFD22D /* UserDataService.swift */; };
		7C0C4A9D28B7FA4100BFD22D /* UserListViewModel.swift in Sources */ = {isa = PBXBuildFile; fileRef = 7C0C4A9C28B7FA4100BFD22D /* UserListViewModel.swift */; };
		7CB901B328B6BE4E00BD2259 /* WorkshopSwiftUIApp.swift in Sources */ = {isa = PBXBuildFile; fileRef = 7CB901B228B6BE4E00BD2259 /* WorkshopSwiftUIApp.swift */; };
		7CB901B528B6BE4E00BD2259 /* ContentView.swift in Sources */ = {isa = PBXBuildFile; fileRef = 7CB901B428B6BE4E00BD2259 /* ContentView.swift */; };
		7CB901B728B6BE5000BD2259 /* Assets.xcassets in Resources */ = {isa = PBXBuildFile; fileRef = 7CB901B628B6BE5000BD2259 /* Assets.xcassets */; };
		7CB901BA28B6BE5000BD2259 /* Preview Assets.xcassets in Resources */ = {isa = PBXBuildFile; fileRef = 7CB901B928B6BE5000BD2259 /* Preview Assets.xcassets */; };
		7CB901D328B6CA4900BD2259 /* AuthViewModel.swift in Sources */ = {isa = PBXBuildFile; fileRef = 7CB901D228B6CA4900BD2259 /* AuthViewModel.swift */; };
		7CB901D528B6CAF900BD2259 /* User.swift in Sources */ = {isa = PBXBuildFile; fileRef = 7CB901D428B6CAF900BD2259 /* User.swift */; };
		7CB901D728B6CBC300BD2259 /* MainTabView.swift in Sources */ = {isa = PBXBuildFile; fileRef = 7CB901D628B6CBC300BD2259 /* MainTabView.swift */; };
		7CB901D928B6CBCC00BD2259 /* LoginView.swift in Sources */ = {isa = PBXBuildFile; fileRef = 7CB901D828B6CBCC00BD2259 /* LoginView.swift */; };
		7CB901DB28B6CC8500BD2259 /* AuthDataService.swift in Sources */ = {isa = PBXBuildFile; fileRef = 7CB901DA28B6CC8500BD2259 /* AuthDataService.swift */; };
		7CB901DE28B6CCF200BD2259 /* WorkshopAlerts.swift in Sources */ = {isa = PBXBuildFile; fileRef = 7CB901DD28B6CCF200BD2259 /* WorkshopAlerts.swift */; };
		7CB901E028B6CD8200BD2259 /* Constants.swift in Sources */ = {isa = PBXBuildFile; fileRef = 7CB901DF28B6CD8200BD2259 /* Constants.swift */; };
/* End PBXBuildFile section */

/* Begin PBXFileReference section */
		7C0C4A6D28B7CF2900BFD22D /* LoadingView.swift */ = {isa = PBXFileReference; lastKnownFileType = sourcecode.swift; path = LoadingView.swift; sourceTree = "<group>"; };
		7C0C4A7028B7CF6200BFD22D /* ViewExtension.swift */ = {isa = PBXFileReference; lastKnownFileType = sourcecode.swift; path = ViewExtension.swift; sourceTree = "<group>"; };
		7C0C4A7228B7CFB500BFD22D /* ErrorAlerts.swift */ = {isa = PBXFileReference; lastKnownFileType = sourcecode.swift; path = ErrorAlerts.swift; sourceTree = "<group>"; };
		7C0C4A7728B7D09600BFD22D /* WorkshopButton.swift */ = {isa = PBXFileReference; lastKnownFileType = sourcecode.swift; path = WorkshopButton.swift; sourceTree = "<group>"; };
		7C0C4A7A28B7D0EE00BFD22D /* CustomLoginTextField.swift */ = {isa = PBXFileReference; lastKnownFileType = sourcecode.swift; path = CustomLoginTextField.swift; sourceTree = "<group>"; };
		7C0C4A7C28B7D11800BFD22D /* CustomLoginSecureField.swift */ = {isa = PBXFileReference; lastKnownFileType = sourcecode.swift; path = CustomLoginSecureField.swift; sourceTree = "<group>"; };
		7C0C4A7E28B7D18900BFD22D /* RegistrationView.swift */ = {isa = PBXFileReference; lastKnownFileType = sourcecode.swift; path = RegistrationView.swift; sourceTree = "<group>"; };
		7C0C4A8028B7D19300BFD22D /* ResetPasswordView.swift */ = {isa = PBXFileReference; lastKnownFileType = sourcecode.swift; path = ResetPasswordView.swift; sourceTree = "<group>"; };
		7C0C4A8B28B7DACE00BFD22D /* GoogleService-Info.plist */ = {isa = PBXFileReference; fileEncoding = 4; lastKnownFileType = text.plist.xml; name = "GoogleService-Info.plist"; path = "../../../../../../../Downloads/GoogleService-Info.plist"; sourceTree = "<group>"; };
		7C0C4A9628B7F7FF00BFD22D /* ProfileView.swift */ = {isa = PBXFileReference; lastKnownFileType = sourcecode.swift; path = ProfileView.swift; sourceTree = "<group>"; };
		7C0C4A9828B7F99B00BFD22D /* UserListView.swift */ = {isa = PBXFileReference; lastKnownFileType = sourcecode.swift; path = UserListView.swift; sourceTree = "<group>"; };
		7C0C4A9A28B7FA2800BFD22D /* UserDataService.swift */ = {isa = PBXFileReference; lastKnownFileType = sourcecode.swift; path = UserDataService.swift; sourceTree = "<group>"; };
		7C0C4A9C28B7FA4100BFD22D /* UserListViewModel.swift */ = {isa = PBXFileReference; lastKnownFileType = sourcecode.swift; path = UserListViewModel.swift; sourceTree = "<group>"; };
		7CB901AF28B6BE4E00BD2259 /* WorkshopSwiftUI.app */ = {isa = PBXFileReference; explicitFileType = wrapper.application; includeInIndex = 0; path = WorkshopSwiftUI.app; sourceTree = BUILT_PRODUCTS_DIR; };
		7CB901B228B6BE4E00BD2259 /* WorkshopSwiftUIApp.swift */ = {isa = PBXFileReference; lastKnownFileType = sourcecode.swift; path = WorkshopSwiftUIApp.swift; sourceTree = "<group>"; };
		7CB901B428B6BE4E00BD2259 /* ContentView.swift */ = {isa = PBXFileReference; lastKnownFileType = sourcecode.swift; path = ContentView.swift; sourceTree = "<group>"; };
		7CB901B628B6BE5000BD2259 /* Assets.xcassets */ = {isa = PBXFileReference; lastKnownFileType = folder.assetcatalog; path = Assets.xcassets; sourceTree = "<group>"; };
		7CB901B928B6BE5000BD2259 /* Preview Assets.xcassets */ = {isa = PBXFileReference; lastKnownFileType = folder.assetcatalog; path = "Preview Assets.xcassets"; sourceTree = "<group>"; };
		7CB901D228B6CA4900BD2259 /* AuthViewModel.swift */ = {isa = PBXFileReference; lastKnownFileType = sourcecode.swift; path = AuthViewModel.swift; sourceTree = "<group>"; };
		7CB901D428B6CAF900BD2259 /* User.swift */ = {isa = PBXFileReference; lastKnownFileType = sourcecode.swift; path = User.swift; sourceTree = "<group>"; };
		7CB901D628B6CBC300BD2259 /* MainTabView.swift */ = {isa = PBXFileReference; lastKnownFileType = sourcecode.swift; path = MainTabView.swift; sourceTree = "<group>"; };
		7CB901D828B6CBCC00BD2259 /* LoginView.swift */ = {isa = PBXFileReference; lastKnownFileType = sourcecode.swift; path = LoginView.swift; sourceTree = "<group>"; };
		7CB901DA28B6CC8500BD2259 /* AuthDataService.swift */ = {isa = PBXFileReference; lastKnownFileType = sourcecode.swift; path = AuthDataService.swift; sourceTree = "<group>"; };
		7CB901DD28B6CCF200BD2259 /* WorkshopAlerts.swift */ = {isa = PBXFileReference; lastKnownFileType = sourcecode.swift; path = WorkshopAlerts.swift; sourceTree = "<group>"; };
		7CB901DF28B6CD8200BD2259 /* Constants.swift */ = {isa = PBXFileReference; lastKnownFileType = sourcecode.swift; path = Constants.swift; sourceTree = "<group>"; };
/* End PBXFileReference section */

/* Begin PBXFrameworksBuildPhase section */
		7CB901AC28B6BE4E00BD2259 /* Frameworks */ = {
			isa = PBXFrameworksBuildPhase;
			buildActionMask = 2147483647;
			files = (
				7C0C4A8F28B7E12600BFD22D /* FirebaseAuth in Frameworks */,
				7C0C4A9528B7E12600BFD22D /* FirebaseStorage in Frameworks */,
				7C0C4A9128B7E12600BFD22D /* FirebaseFirestore in Frameworks */,
				7C0C4A9328B7E12600BFD22D /* FirebaseFirestoreSwift in Frameworks */,
			);
			runOnlyForDeploymentPostprocessing = 0;
		};
/* End PBXFrameworksBuildPhase section */

/* Begin PBXGroup section */
		7C0C4A6F28B7CF5800BFD22D /* Extensions */ = {
			isa = PBXGroup;
			children = (
				7C0C4A7028B7CF6200BFD22D /* ViewExtension.swift */,
			);
			path = Extensions;
			sourceTree = "<group>";
		};
		7C0C4A7628B7D08800BFD22D /* Buttons */ = {
			isa = PBXGroup;
			children = (
				7C0C4A7728B7D09600BFD22D /* WorkshopButton.swift */,
			);
			path = Buttons;
			sourceTree = "<group>";
		};
		7C0C4A7928B7D0E200BFD22D /* TextField */ = {
			isa = PBXGroup;
			children = (
				7C0C4A7A28B7D0EE00BFD22D /* CustomLoginTextField.swift */,
				7C0C4A7C28B7D11800BFD22D /* CustomLoginSecureField.swift */,
			);
			path = TextField;
			sourceTree = "<group>";
		};
		7CB901A628B6BE4E00BD2259 = {
			isa = PBXGroup;
			children = (
				7CB901B128B6BE4E00BD2259 /* WorkshopSwiftUI */,
				7CB901B028B6BE4E00BD2259 /* Products */,
			);
			sourceTree = "<group>";
		};
		7CB901B028B6BE4E00BD2259 /* Products */ = {
			isa = PBXGroup;
			children = (
				7CB901AF28B6BE4E00BD2259 /* WorkshopSwiftUI.app */,
			);
			name = Products;
			sourceTree = "<group>";
		};
		7CB901B128B6BE4E00BD2259 /* WorkshopSwiftUI */ = {
			isa = PBXGroup;
			children = (
				7CB901C028B6C84C00BD2259 /* Model */,
				7CB901C128B6C85300BD2259 /* View */,
				7CB901C228B6C85600BD2259 /* ViewModel */,
				7CB901C428B6C86100BD2259 /* API */,
				7CB901C328B6C85C00BD2259 /* Utils */,
				7CB901B228B6BE4E00BD2259 /* WorkshopSwiftUIApp.swift */,
				7CB901B628B6BE5000BD2259 /* Assets.xcassets */,
				7C0C4A8B28B7DACE00BFD22D /* GoogleService-Info.plist */,
				7CB901B828B6BE5000BD2259 /* Preview Content */,
			);
			path = WorkshopSwiftUI;
			sourceTree = "<group>";
		};
		7CB901B828B6BE5000BD2259 /* Preview Content */ = {
			isa = PBXGroup;
			children = (
				7CB901B928B6BE5000BD2259 /* Preview Assets.xcassets */,
			);
			path = "Preview Content";
			sourceTree = "<group>";
		};
		7CB901C028B6C84C00BD2259 /* Model */ = {
			isa = PBXGroup;
			children = (
				7CB901DC28B6CCE800BD2259 /* Enums */,
				7CB901D428B6CAF900BD2259 /* User.swift */,
			);
			path = Model;
			sourceTree = "<group>";
		};
		7CB901C128B6C85300BD2259 /* View */ = {
			isa = PBXGroup;
			children = (
				7C0C4A9828B7F99B00BFD22D /* UserListView.swift */,
				7C0C4A9628B7F7FF00BFD22D /* ProfileView.swift */,
				7CB901CD28B6C89B00BD2259 /* Helpers */,
				7CB901CC28B6C89600BD2259 /* Authentication */,
				7CB901C528B6C87B00BD2259 /* Main */,
			);
			path = View;
			sourceTree = "<group>";
		};
		7CB901C228B6C85600BD2259 /* ViewModel */ = {
			isa = PBXGroup;
			children = (
				7CB901D228B6CA4900BD2259 /* AuthViewModel.swift */,
				7C0C4A9C28B7FA4100BFD22D /* UserListViewModel.swift */,
			);
			path = ViewModel;
			sourceTree = "<group>";
		};
		7CB901C328B6C85C00BD2259 /* Utils */ = {
			isa = PBXGroup;
			children = (
				7C0C4A6F28B7CF5800BFD22D /* Extensions */,
				7CB901DF28B6CD8200BD2259 /* Constants.swift */,
				7C0C4A7228B7CFB500BFD22D /* ErrorAlerts.swift */,
			);
			path = Utils;
			sourceTree = "<group>";
		};
		7CB901C428B6C86100BD2259 /* API */ = {
			isa = PBXGroup;
			children = (
				7CB901DA28B6CC8500BD2259 /* AuthDataService.swift */,
				7C0C4A9A28B7FA2800BFD22D /* UserDataService.swift */,
			);
			path = API;
			sourceTree = "<group>";
		};
		7CB901C528B6C87B00BD2259 /* Main */ = {
			isa = PBXGroup;
			children = (
				7CB901B428B6BE4E00BD2259 /* ContentView.swift */,
				7CB901D628B6CBC300BD2259 /* MainTabView.swift */,
			);
			path = Main;
			sourceTree = "<group>";
		};
		7CB901CC28B6C89600BD2259 /* Authentication */ = {
			isa = PBXGroup;
			children = (
				7CB901D828B6CBCC00BD2259 /* LoginView.swift */,
				7C0C4A7E28B7D18900BFD22D /* RegistrationView.swift */,
				7C0C4A8028B7D19300BFD22D /* ResetPasswordView.swift */,
			);
			path = Authentication;
			sourceTree = "<group>";
		};
		7CB901CD28B6C89B00BD2259 /* Helpers */ = {
			isa = PBXGroup;
			children = (
				7C0C4A7928B7D0E200BFD22D /* TextField */,
				7C0C4A7628B7D08800BFD22D /* Buttons */,
				7C0C4A6D28B7CF2900BFD22D /* LoadingView.swift */,
			);
			path = Helpers;
			sourceTree = "<group>";
		};
		7CB901DC28B6CCE800BD2259 /* Enums */ = {
			isa = PBXGroup;
			children = (
				7CB901DD28B6CCF200BD2259 /* WorkshopAlerts.swift */,
			);
			path = Enums;
			sourceTree = "<group>";
		};
/* End PBXGroup section */

/* Begin PBXNativeTarget section */
		7CB901AE28B6BE4E00BD2259 /* WorkshopSwiftUI */ = {
			isa = PBXNativeTarget;
			buildConfigurationList = 7CB901BD28B6BE5000BD2259 /* Build configuration list for PBXNativeTarget "WorkshopSwiftUI" */;
			buildPhases = (
				7CB901AB28B6BE4E00BD2259 /* Sources */,
				7CB901AC28B6BE4E00BD2259 /* Frameworks */,
				7CB901AD28B6BE4E00BD2259 /* Resources */,
			);
			buildRules = (
			);
			dependencies = (
			);
			name = WorkshopSwiftUI;
			packageProductDependencies = (
				7C0C4A8E28B7E12600BFD22D /* FirebaseAuth */,
				7C0C4A9028B7E12600BFD22D /* FirebaseFirestore */,
				7C0C4A9228B7E12600BFD22D /* FirebaseFirestoreSwift */,
				7C0C4A9428B7E12600BFD22D /* FirebaseStorage */,
			);
			productName = WorkshopSwiftUI;
			productReference = 7CB901AF28B6BE4E00BD2259 /* WorkshopSwiftUI.app */;
			productType = "com.apple.product-type.application";
		};
/* End PBXNativeTarget section */

/* Begin PBXProject section */
		7CB901A728B6BE4E00BD2259 /* Project object */ = {
			isa = PBXProject;
			attributes = {
				BuildIndependentTargetsInParallel = 1;
				LastSwiftUpdateCheck = 1340;
				LastUpgradeCheck = 1340;
				TargetAttributes = {
					7CB901AE28B6BE4E00BD2259 = {
						CreatedOnToolsVersion = 13.4.1;
					};
				};
			};
			buildConfigurationList = 7CB901AA28B6BE4E00BD2259 /* Build configuration list for PBXProject "WorkshopSwiftUI" */;
			compatibilityVersion = "Xcode 13.0";
			developmentRegion = en;
			hasScannedForEncodings = 0;
			knownRegions = (
				en,
				Base,
			);
			mainGroup = 7CB901A628B6BE4E00BD2259;
			packageReferences = (
				7C0C4A8D28B7E12600BFD22D /* XCRemoteSwiftPackageReference "firebase-ios-sdk" */,
			);
			productRefGroup = 7CB901B028B6BE4E00BD2259 /* Products */;
			projectDirPath = "";
			projectRoot = "";
			targets = (
				7CB901AE28B6BE4E00BD2259 /* WorkshopSwiftUI */,
			);
		};
/* End PBXProject section */

/* Begin PBXResourcesBuildPhase section */
		7CB901AD28B6BE4E00BD2259 /* Resources */ = {
			isa = PBXResourcesBuildPhase;
			buildActionMask = 2147483647;
			files = (
				7CB901BA28B6BE5000BD2259 /* Preview Assets.xcassets in Resources */,
				7CB901B728B6BE5000BD2259 /* Assets.xcassets in Resources */,
				7C0C4A8C28B7DACE00BFD22D /* GoogleService-Info.plist in Resources */,
			);
			runOnlyForDeploymentPostprocessing = 0;
		};
/* End PBXResourcesBuildPhase section */

/* Begin PBXSourcesBuildPhase section */
		7CB901AB28B6BE4E00BD2259 /* Sources */ = {
			isa = PBXSourcesBuildPhase;
			buildActionMask = 2147483647;
			files = (
				7CB901D928B6CBCC00BD2259 /* LoginView.swift in Sources */,
				7C0C4A9D28B7FA4100BFD22D /* UserListViewModel.swift in Sources */,
				7CB901D528B6CAF900BD2259 /* User.swift in Sources */,
				7CB901B528B6BE4E00BD2259 /* ContentView.swift in Sources */,
				7C0C4A8128B7D19300BFD22D /* ResetPasswordView.swift in Sources */,
				7C0C4A6E28B7CF2900BFD22D /* LoadingView.swift in Sources */,
				7CB901B328B6BE4E00BD2259 /* WorkshopSwiftUIApp.swift in Sources */,
				7C0C4A7F28B7D18900BFD22D /* RegistrationView.swift in Sources */,
				7C0C4A7328B7CFB500BFD22D /* ErrorAlerts.swift in Sources */,
				7C0C4A7D28B7D11800BFD22D /* CustomLoginSecureField.swift in Sources */,
				7C0C4A9B28B7FA2800BFD22D /* UserDataService.swift in Sources */,
				7CB901D328B6CA4900BD2259 /* AuthViewModel.swift in Sources */,
				7C0C4A7128B7CF6200BFD22D /* ViewExtension.swift in Sources */,
				7C0C4A9928B7F99B00BFD22D /* UserListView.swift in Sources */,
				7C0C4A7828B7D09600BFD22D /* WorkshopButton.swift in Sources */,
				7CB901D728B6CBC300BD2259 /* MainTabView.swift in Sources */,
				7CB901DB28B6CC8500BD2259 /* AuthDataService.swift in Sources */,
				7C0C4A7B28B7D0EE00BFD22D /* CustomLoginTextField.swift in Sources */,
				7CB901DE28B6CCF200BD2259 /* WorkshopAlerts.swift in Sources */,
				7C0C4A9728B7F7FF00BFD22D /* ProfileView.swift in Sources */,
				7CB901E028B6CD8200BD2259 /* Constants.swift in Sources */,
			);
			runOnlyForDeploymentPostprocessing = 0;
		};
/* End PBXSourcesBuildPhase section */

/* Begin XCBuildConfiguration section */
		7CB901BB28B6BE5000BD2259 /* Debug */ = {
			isa = XCBuildConfiguration;
			buildSettings = {
				ALWAYS_SEARCH_USER_PATHS = NO;
				CLANG_ANALYZER_NONNULL = YES;
				CLANG_ANALYZER_NUMBER_OBJECT_CONVERSION = YES_AGGRESSIVE;
				CLANG_CXX_LANGUAGE_STANDARD = "gnu++17";
				CLANG_ENABLE_MODULES = YES;
				CLANG_ENABLE_OBJC_ARC = YES;
				CLANG_ENABLE_OBJC_WEAK = YES;
				CLANG_WARN_BLOCK_CAPTURE_AUTORELEASING = YES;
				CLANG_WARN_BOOL_CONVERSION = YES;
				CLANG_WARN_COMMA = YES;
				CLANG_WARN_CONSTANT_CONVERSION = YES;
				CLANG_WARN_DEPRECATED_OBJC_IMPLEMENTATIONS = YES;
				CLANG_WARN_DIRECT_OBJC_ISA_USAGE = YES_ERROR;
				CLANG_WARN_DOCUMENTATION_COMMENTS = YES;
				CLANG_WARN_EMPTY_BODY = YES;
				CLANG_WARN_ENUM_CONVERSION = YES;
				CLANG_WARN_INFINITE_RECURSION = YES;
				CLANG_WARN_INT_CONVERSION = YES;
				CLANG_WARN_NON_LITERAL_NULL_CONVERSION = YES;
				CLANG_WARN_OBJC_IMPLICIT_RETAIN_SELF = YES;
				CLANG_WARN_OBJC_LITERAL_CONVERSION = YES;
				CLANG_WARN_OBJC_ROOT_CLASS = YES_ERROR;
				CLANG_WARN_QUOTED_INCLUDE_IN_FRAMEWORK_HEADER = YES;
				CLANG_WARN_RANGE_LOOP_ANALYSIS = YES;
				CLANG_WARN_STRICT_PROTOTYPES = YES;
				CLANG_WARN_SUSPICIOUS_MOVE = YES;
				CLANG_WARN_UNGUARDED_AVAILABILITY = YES_AGGRESSIVE;
				CLANG_WARN_UNREACHABLE_CODE = YES;
				CLANG_WARN__DUPLICATE_METHOD_MATCH = YES;
				COPY_PHASE_STRIP = NO;
				DEBUG_INFORMATION_FORMAT = dwarf;
				ENABLE_STRICT_OBJC_MSGSEND = YES;
				ENABLE_TESTABILITY = YES;
				GCC_C_LANGUAGE_STANDARD = gnu11;
				GCC_DYNAMIC_NO_PIC = NO;
				GCC_NO_COMMON_BLOCKS = YES;
				GCC_OPTIMIZATION_LEVEL = 0;
				GCC_PREPROCESSOR_DEFINITIONS = (
					"DEBUG=1",
					"$(inherited)",
				);
				GCC_WARN_64_TO_32_BIT_CONVERSION = YES;
				GCC_WARN_ABOUT_RETURN_TYPE = YES_ERROR;
				GCC_WARN_UNDECLARED_SELECTOR = YES;
				GCC_WARN_UNINITIALIZED_AUTOS = YES_AGGRESSIVE;
				GCC_WARN_UNUSED_FUNCTION = YES;
				GCC_WARN_UNUSED_VARIABLE = YES;
				IPHONEOS_DEPLOYMENT_TARGET = 15.5;
				MTL_ENABLE_DEBUG_INFO = INCLUDE_SOURCE;
				MTL_FAST_MATH = YES;
				ONLY_ACTIVE_ARCH = YES;
				SDKROOT = iphoneos;
				SWIFT_ACTIVE_COMPILATION_CONDITIONS = DEBUG;
				SWIFT_OPTIMIZATION_LEVEL = "-Onone";
			};
			name = Debug;
		};
		7CB901BC28B6BE5000BD2259 /* Release */ = {
			isa = XCBuildConfiguration;
			buildSettings = {
				ALWAYS_SEARCH_USER_PATHS = NO;
				CLANG_ANALYZER_NONNULL = YES;
				CLANG_ANALYZER_NUMBER_OBJECT_CONVERSION = YES_AGGRESSIVE;
				CLANG_CXX_LANGUAGE_STANDARD = "gnu++17";
				CLANG_ENABLE_MODULES = YES;
				CLANG_ENABLE_OBJC_ARC = YES;
				CLANG_ENABLE_OBJC_WEAK = YES;
				CLANG_WARN_BLOCK_CAPTURE_AUTORELEASING = YES;
				CLANG_WARN_BOOL_CONVERSION = YES;
				CLANG_WARN_COMMA = YES;
				CLANG_WARN_CONSTANT_CONVERSION = YES;
				CLANG_WARN_DEPRECATED_OBJC_IMPLEMENTATIONS = YES;
				CLANG_WARN_DIRECT_OBJC_ISA_USAGE = YES_ERROR;
				CLANG_WARN_DOCUMENTATION_COMMENTS = YES;
				CLANG_WARN_EMPTY_BODY = YES;
				CLANG_WARN_ENUM_CONVERSION = YES;
				CLANG_WARN_INFINITE_RECURSION = YES;
				CLANG_WARN_INT_CONVERSION = YES;
				CLANG_WARN_NON_LITERAL_NULL_CONVERSION = YES;
				CLANG_WARN_OBJC_IMPLICIT_RETAIN_SELF = YES;
				CLANG_WARN_OBJC_LITERAL_CONVERSION = YES;
				CLANG_WARN_OBJC_ROOT_CLASS = YES_ERROR;
				CLANG_WARN_QUOTED_INCLUDE_IN_FRAMEWORK_HEADER = YES;
				CLANG_WARN_RANGE_LOOP_ANALYSIS = YES;
				CLANG_WARN_STRICT_PROTOTYPES = YES;
				CLANG_WARN_SUSPICIOUS_MOVE = YES;
				CLANG_WARN_UNGUARDED_AVAILABILITY = YES_AGGRESSIVE;
				CLANG_WARN_UNREACHABLE_CODE = YES;
				CLANG_WARN__DUPLICATE_METHOD_MATCH = YES;
				COPY_PHASE_STRIP = NO;
				DEBUG_INFORMATION_FORMAT = "dwarf-with-dsym";
				ENABLE_NS_ASSERTIONS = NO;
				ENABLE_STRICT_OBJC_MSGSEND = YES;
				GCC_C_LANGUAGE_STANDARD = gnu11;
				GCC_NO_COMMON_BLOCKS = YES;
				GCC_WARN_64_TO_32_BIT_CONVERSION = YES;
				GCC_WARN_ABOUT_RETURN_TYPE = YES_ERROR;
				GCC_WARN_UNDECLARED_SELECTOR = YES;
				GCC_WARN_UNINITIALIZED_AUTOS = YES_AGGRESSIVE;
				GCC_WARN_UNUSED_FUNCTION = YES;
				GCC_WARN_UNUSED_VARIABLE = YES;
				IPHONEOS_DEPLOYMENT_TARGET = 15.5;
				MTL_ENABLE_DEBUG_INFO = NO;
				MTL_FAST_MATH = YES;
				SDKROOT = iphoneos;
				SWIFT_COMPILATION_MODE = wholemodule;
				SWIFT_OPTIMIZATION_LEVEL = "-O";
				VALIDATE_PRODUCT = YES;
			};
			name = Release;
		};
		7CB901BE28B6BE5000BD2259 /* Debug */ = {
			isa = XCBuildConfiguration;
			buildSettings = {
				ASSETCATALOG_COMPILER_APPICON_NAME = AppIcon;
				ASSETCATALOG_COMPILER_GLOBAL_ACCENT_COLOR_NAME = AccentColor;
				CODE_SIGN_STYLE = Automatic;
				CURRENT_PROJECT_VERSION = 1;
				DEVELOPMENT_ASSET_PATHS = "\"WorkshopSwiftUI/Preview Content\"";
				DEVELOPMENT_TEAM = BPQ668928C;
				ENABLE_PREVIEWS = YES;
				GENERATE_INFOPLIST_FILE = YES;
				INFOPLIST_KEY_UIApplicationSceneManifest_Generation = YES;
				INFOPLIST_KEY_UIApplicationSupportsIndirectInputEvents = YES;
				INFOPLIST_KEY_UILaunchScreen_Generation = YES;
				INFOPLIST_KEY_UISupportedInterfaceOrientations_iPad = "UIInterfaceOrientationPortrait UIInterfaceOrientationPortraitUpsideDown UIInterfaceOrientationLandscapeLeft UIInterfaceOrientationLandscapeRight";
				INFOPLIST_KEY_UISupportedInterfaceOrientations_iPhone = "UIInterfaceOrientationPortrait UIInterfaceOrientationLandscapeLeft UIInterfaceOrientationLandscapeRight";
				LD_RUNPATH_SEARCH_PATHS = (
					"$(inherited)",
					"@executable_path/Frameworks",
				);
				MARKETING_VERSION = 1.0;
				PRODUCT_BUNDLE_IDENTIFIER = dev.gogrow.WorkshopSwiftUI;
				PRODUCT_NAME = "$(TARGET_NAME)";
				SWIFT_EMIT_LOC_STRINGS = YES;
				SWIFT_VERSION = 5.0;
				TARGETED_DEVICE_FAMILY = "1,2";
			};
			name = Debug;
		};
		7CB901BF28B6BE5000BD2259 /* Release */ = {
			isa = XCBuildConfiguration;
			buildSettings = {
				ASSETCATALOG_COMPILER_APPICON_NAME = AppIcon;
				ASSETCATALOG_COMPILER_GLOBAL_ACCENT_COLOR_NAME = AccentColor;
				CODE_SIGN_STYLE = Automatic;
				CURRENT_PROJECT_VERSION = 1;
				DEVELOPMENT_ASSET_PATHS = "\"WorkshopSwiftUI/Preview Content\"";
				DEVELOPMENT_TEAM = BPQ668928C;
				ENABLE_PREVIEWS = YES;
				GENERATE_INFOPLIST_FILE = YES;
				INFOPLIST_KEY_UIApplicationSceneManifest_Generation = YES;
				INFOPLIST_KEY_UIApplicationSupportsIndirectInputEvents = YES;
				INFOPLIST_KEY_UILaunchScreen_Generation = YES;
				INFOPLIST_KEY_UISupportedInterfaceOrientations_iPad = "UIInterfaceOrientationPortrait UIInterfaceOrientationPortraitUpsideDown UIInterfaceOrientationLandscapeLeft UIInterfaceOrientationLandscapeRight";
				INFOPLIST_KEY_UISupportedInterfaceOrientations_iPhone = "UIInterfaceOrientationPortrait UIInterfaceOrientationLandscapeLeft UIInterfaceOrientationLandscapeRight";
				LD_RUNPATH_SEARCH_PATHS = (
					"$(inherited)",
					"@executable_path/Frameworks",
				);
				MARKETING_VERSION = 1.0;
				PRODUCT_BUNDLE_IDENTIFIER = dev.gogrow.WorkshopSwiftUI;
				PRODUCT_NAME = "$(TARGET_NAME)";
				SWIFT_EMIT_LOC_STRINGS = YES;
				SWIFT_VERSION = 5.0;
				TARGETED_DEVICE_FAMILY = "1,2";
			};
			name = Release;
		};
/* End XCBuildConfiguration section */

/* Begin XCConfigurationList section */
		7CB901AA28B6BE4E00BD2259 /* Build configuration list for PBXProject "WorkshopSwiftUI" */ = {
			isa = XCConfigurationList;
			buildConfigurations = (
				7CB901BB28B6BE5000BD2259 /* Debug */,
				7CB901BC28B6BE5000BD2259 /* Release */,
			);
			defaultConfigurationIsVisible = 0;
			defaultConfigurationName = Release;
		};
		7CB901BD28B6BE5000BD2259 /* Build configuration list for PBXNativeTarget "WorkshopSwiftUI" */ = {
			isa = XCConfigurationList;
			buildConfigurations = (
				7CB901BE28B6BE5000BD2259 /* Debug */,
				7CB901BF28B6BE5000BD2259 /* Release */,
			);
			defaultConfigurationIsVisible = 0;
			defaultConfigurationName = Release;
		};
/* End XCConfigurationList section */

/* Begin XCRemoteSwiftPackageReference section */
		7C0C4A8D28B7E12600BFD22D /* XCRemoteSwiftPackageReference "firebase-ios-sdk" */ = {
			isa = XCRemoteSwiftPackageReference;
			repositoryURL = "https://github.com/firebase/firebase-ios-sdk.git";
			requirement = {
				branch = master;
				kind = branch;
			};
		};
/* End XCRemoteSwiftPackageReference section */

/* Begin XCSwiftPackageProductDependency section */
		7C0C4A8E28B7E12600BFD22D /* FirebaseAuth */ = {
			isa = XCSwiftPackageProductDependency;
			package = 7C0C4A8D28B7E12600BFD22D /* XCRemoteSwiftPackageReference "firebase-ios-sdk" */;
			productName = FirebaseAuth;
		};
		7C0C4A9028B7E12600BFD22D /* FirebaseFirestore */ = {
			isa = XCSwiftPackageProductDependency;
			package = 7C0C4A8D28B7E12600BFD22D /* XCRemoteSwiftPackageReference "firebase-ios-sdk" */;
			productName = FirebaseFirestore;
		};
		7C0C4A9228B7E12600BFD22D /* FirebaseFirestoreSwift */ = {
			isa = XCSwiftPackageProductDependency;
			package = 7C0C4A8D28B7E12600BFD22D /* XCRemoteSwiftPackageReference "firebase-ios-sdk" */;
			productName = FirebaseFirestoreSwift;
		};
		7C0C4A9428B7E12600BFD22D /* FirebaseStorage */ = {
			isa = XCSwiftPackageProductDependency;
			package = 7C0C4A8D28B7E12600BFD22D /* XCRemoteSwiftPackageReference "firebase-ios-sdk" */;
			productName = FirebaseStorage;
		};
/* End XCSwiftPackageProductDependency section */
	};
	rootObject = 7CB901A728B6BE4E00BD2259 /* Project object */;
}
